
Microsoft Visual Studio Solution File, Format Version 12.00
# Visual Studio Version 16
VisualStudioVersion = 16.0.30804.86
MinimumVisualStudioVersion = 10.0.40219.1
Project("{FAE04EC0-301F-11D3-BF4B-00C04F79EFBC}") = "RxNetExample", "RxNetExample\RxNetExample.csproj", "{A8C16A17-301C-4C95-B9EA-7D448281C114}"
EndProject
Global
	GlobalSection(SolutionConfigurationPlatforms) = preSolution
		Debug|Any CPU = Debug|Any CPU
		Release|Any CPU = Release|Any CPU
	EndGlobalSection
	GlobalSection(ProjectConfigurationPlatforms) = postSolution
		{A8C16A17-301C-4C95-B9EA-7D448281C114}.Debug|Any CPU.ActiveCfg = Debug|Any CPU
		{A8C16A17-301C-4C95-B9EA-7D448281C114}.Debug|Any CPU.Build.0 = Debug|Any CPU
		{A8C16A17-301C-4C95-B9EA-7D448281C114}.Release|Any CPU.ActiveCfg = Release|Any CPU
		{A8C16A17-301C-4C95-B9EA-7D448281C114}.Release|Any CPU.Build.0 = Release|Any CPU
	EndGlobalSection
	GlobalSection(SolutionProperties) = preSolution
		HideSolutionNode = FALSE
	EndGlobalSection
	GlobalSection(ExtensibilityGlobals) = postSolution
		SolutionGuid = {4D3DCF71-3D22-4860-8B5D-1E83DD455783}
	EndGlobalSection
EndGlobal
